
Microsoft Visual Studio Solution File, Format Version 11.00
# Visual Studio 2010
Project("{FAE04EC0-301F-11D3-BF4B-00C04F79EFBC}") = "myReference", "myReference\myReference.csproj", "{59D4AE0D-0188-48A3-A7C6-7FF7589F6C63}"
EndProject
Global
	GlobalSection(SolutionConfigurationPlatforms) = preSolution
		Debug|Any CPU = Debug|Any CPU
		Release|Any CPU = Release|Any CPU
	EndGlobalSection
	GlobalSection(ProjectConfigurationPlatforms) = postSolution
		{59D4AE0D-0188-48A3-A7C6-7FF7589F6C63}.Debug|Any CPU.ActiveCfg = Debug|Any CPU
		{59D4AE0D-0188-48A3-A7C6-7FF7589F6C63}.Debug|Any CPU.Build.0 = Debug|Any CPU
		{59D4AE0D-0188-48A3-A7C6-7FF7589F6C63}.Release|Any CPU.ActiveCfg = Release|Any CPU
		{59D4AE0D-0188-48A3-A7C6-7FF7589F6C63}.Release|Any CPU.Build.0 = Release|Any CPU
	EndGlobalSection
	GlobalSection(SolutionProperties) = preSolution
		HideSolutionNode = FALSE
	EndGlobalSection
EndGlobal
